
Microsoft Visual Studio Solution File, Format Version 12.00
# Visual Studio Version 17
VisualStudioVersion = 17.14.36221.1
MinimumVisualStudioVersion = 10.0.40219.1
Project("{FAE04EC0-301F-11D3-BF4B-00C04F79EFBC}") = "IKEA.PL", "IKEA.PL\IKEA.PL.csproj", "{E24253B5-BC65-4EAE-A420-15DF8721BC32}"
EndProject
Project("{FAE04EC0-301F-11D3-BF4B-00C04F79EFBC}") = "IKEA.DAL", "IKEA.DAL\IKEA.DAL.csproj", "{4EAD3481-566F-4C26-813F-9CF0D42ADC63}"
EndProject
Global
	GlobalSection(SolutionConfigurationPlatforms) = preSolution
		Debug|Any CPU = Debug|Any CPU
		Release|Any CPU = Release|Any CPU
	EndGlobalSection
	GlobalSection(ProjectConfigurationPlatforms) = postSolution
		{E24253B5-BC65-4EAE-A420-15DF8721BC32}.Debug|Any CPU.ActiveCfg = Debug|Any CPU
		{E24253B5-BC65-4EAE-A420-15DF8721BC32}.Debug|Any CPU.Build.0 = Debug|Any CPU
		{E24253B5-BC65-4EAE-A420-15DF8721BC32}.Release|Any CPU.ActiveCfg = Release|Any CPU
		{E24253B5-BC65-4EAE-A420-15DF8721BC32}.Release|Any CPU.Build.0 = Release|Any CPU
		{4EAD3481-566F-4C26-813F-9CF0D42ADC63}.Debug|Any CPU.ActiveCfg = Debug|Any CPU
		{4EAD3481-566F-4C26-813F-9CF0D42ADC63}.Debug|Any CPU.Build.0 = Debug|Any CPU
		{4EAD3481-566F-4C26-813F-9CF0D42ADC63}.Release|Any CPU.ActiveCfg = Release|Any CPU
		{4EAD3481-566F-4C26-813F-9CF0D42ADC63}.Release|Any CPU.Build.0 = Release|Any CPU
	EndGlobalSection
	GlobalSection(SolutionProperties) = preSolution
		HideSolutionNode = FALSE
	EndGlobalSection
	GlobalSection(ExtensibilityGlobals) = postSolution
		SolutionGuid = {65F63E7D-3A9C-4B03-BB83-BF3172E48051}
	EndGlobalSection
EndGlobal
